
Microsoft Visual Studio Solution File, Format Version 12.00
# Visual Studio Version 16
VisualStudioVersion = 16.0.31729.503
MinimumVisualStudioVersion = 10.0.40219.1
Project("{FAE04EC0-301F-11D3-BF4B-00C04F79EFBC}") = "DongBoThoiGian", "DongBoThoiGian\DongBoThoiGian.csproj", "{CEA54BB9-7EF0-4BDF-AB40-FA739CB02BDB}"
EndProject
Global
	GlobalSection(SolutionConfigurationPlatforms) = preSolution
		Debug|Any CPU = Debug|Any CPU
		Release|Any CPU = Release|Any CPU
	EndGlobalSection
	GlobalSection(ProjectConfigurationPlatforms) = postSolution
		{CEA54BB9-7EF0-4BDF-AB40-FA739CB02BDB}.Debug|Any CPU.ActiveCfg = Debug|Any CPU
		{CEA54BB9-7EF0-4BDF-AB40-FA739CB02BDB}.Debug|Any CPU.Build.0 = Debug|Any CPU
		{CEA54BB9-7EF0-4BDF-AB40-FA739CB02BDB}.Release|Any CPU.ActiveCfg = Release|Any CPU
		{CEA54BB9-7EF0-4BDF-AB40-FA739CB02BDB}.Release|Any CPU.Build.0 = Release|Any CPU
	EndGlobalSection
	GlobalSection(SolutionProperties) = preSolution
		HideSolutionNode = FALSE
	EndGlobalSection
	GlobalSection(ExtensibilityGlobals) = postSolution
		SolutionGuid = {F14F3B0A-227A-4C40-840F-9CB47C219F00}
	EndGlobalSection
EndGlobal
